// !$*UTF8*$!
{
	archiveVersion = 1;
	classes = {
	};
	objectVersion = 50;
	objects = {

/* Begin PBXBuildFile section */
		4E0F39E5260E621600F74BC8 /* VerticalMoviesView.swift in Sources */ = {isa = PBXBuildFile; fileRef = 4E0F39E4260E621600F74BC8 /* VerticalMoviesView.swift */; };
		4E0F39EA260E631000F74BC8 /* HeaderView.swift in Sources */ = {isa = PBXBuildFile; fileRef = 4E0F39E9260E631000F74BC8 /* HeaderView.swift */; };
		4E0F39EF260E650C00F74BC8 /* MovieDetailView.swift in Sources */ = {isa = PBXBuildFile; fileRef = 4E0F39EE260E650C00F74BC8 /* MovieDetailView.swift */; };
		4E1EC36E260E6ECE00EEBCBC /* CataloglMovies.swift in Sources */ = {isa = PBXBuildFile; fileRef = 4E1EC36D260E6ECE00EEBCBC /* CataloglMovies.swift */; };
		4E2DABCD260D0CE000FC85FF /* Movie.swift in Sources */ = {isa = PBXBuildFile; fileRef = 4E2DABCC260D0CE000FC85FF /* Movie.swift */; };
		4E2DABD5260D0ED200FC85FF /* ModelData.swift in Sources */ = {isa = PBXBuildFile; fileRef = 4E2DABD4260D0ED200FC85FF /* ModelData.swift */; };
		4EBEDB0C260D046D00ED3203 /* MoviesApp.swift in Sources */ = {isa = PBXBuildFile; fileRef = 4EBEDB0B260D046D00ED3203 /* MoviesApp.swift */; };
		4EBEDB0E260D046D00ED3203 /* ContentView.swift in Sources */ = {isa = PBXBuildFile; fileRef = 4EBEDB0D260D046D00ED3203 /* ContentView.swift */; };
		4EBEDB10260D046E00ED3203 /* Assets.xcassets in Resources */ = {isa = PBXBuildFile; fileRef = 4EBEDB0F260D046E00ED3203 /* Assets.xcassets */; };
		4EBEDB13260D046E00ED3203 /* Preview Assets.xcassets in Resources */ = {isa = PBXBuildFile; fileRef = 4EBEDB12260D046E00ED3203 /* Preview Assets.xcassets */; };
		4EBEDB1E260D046E00ED3203 /* MoviesTests.swift in Sources */ = {isa = PBXBuildFile; fileRef = 4EBEDB1D260D046E00ED3203 /* MoviesTests.swift */; };
		4EBEDB29260D046E00ED3203 /* MoviesUITests.swift in Sources */ = {isa = PBXBuildFile; fileRef = 4EBEDB28260D046E00ED3203 /* MoviesUITests.swift */; };
		4EBEDB3D260D05C000ED3203 /* _MovieDB.csv in Resources */ = {isa = PBXBuildFile; fileRef = 4EBEDB3B260D05C000ED3203 /* _MovieDB.csv */; };
		4EBEDB44260D062400ED3203 /* HorizontalMoviesView.swift in Sources */ = {isa = PBXBuildFile; fileRef = 4EBEDB43260D062400ED3203 /* HorizontalMoviesView.swift */; };
/* End PBXBuildFile section */

/* Begin PBXContainerItemProxy section */
		4EBEDB1A260D046E00ED3203 /* PBXContainerItemProxy */ = {
			isa = PBXContainerItemProxy;
			containerPortal = 4EBEDB00260D046D00ED3203 /* Project object */;
			proxyType = 1;
			remoteGlobalIDString = 4EBEDB07260D046D00ED3203;
			remoteInfo = Movies;
		};
		4EBEDB25260D046E00ED3203 /* PBXContainerItemProxy */ = {
			isa = PBXContainerItemProxy;
			containerPortal = 4EBEDB00260D046D00ED3203 /* Project object */;
			proxyType = 1;
			remoteGlobalIDString = 4EBEDB07260D046D00ED3203;
			remoteInfo = Movies;
		};
/* End PBXContainerItemProxy section */

/* Begin PBXFileReference section */
		4E0F39E4260E621600F74BC8 /* VerticalMoviesView.swift */ = {isa = PBXFileReference; lastKnownFileType = sourcecode.swift; path = VerticalMoviesView.swift; sourceTree = "<group>"; };
		4E0F39E9260E631000F74BC8 /* HeaderView.swift */ = {isa = PBXFileReference; lastKnownFileType = sourcecode.swift; path = HeaderView.swift; sourceTree = "<group>"; };
		4E0F39EE260E650C00F74BC8 /* MovieDetailView.swift */ = {isa = PBXFileReference; lastKnownFileType = sourcecode.swift; path = MovieDetailView.swift; sourceTree = "<group>"; };
		4E1EC36D260E6ECE00EEBCBC /* CataloglMovies.swift */ = {isa = PBXFileReference; fileEncoding = 4; lastKnownFileType = sourcecode.swift; path = CataloglMovies.swift; sourceTree = "<group>"; };
		4E2DABCC260D0CE000FC85FF /* Movie.swift */ = {isa = PBXFileReference; lastKnownFileType = sourcecode.swift; path = Movie.swift; sourceTree = "<group>"; };
		4E2DABD4260D0ED200FC85FF /* ModelData.swift */ = {isa = PBXFileReference; lastKnownFileType = sourcecode.swift; path = ModelData.swift; sourceTree = "<group>"; };
		4EBEDB08260D046D00ED3203 /* Movies.app */ = {isa = PBXFileReference; explicitFileType = wrapper.application; includeInIndex = 0; path = Movies.app; sourceTree = BUILT_PRODUCTS_DIR; };
		4EBEDB0B260D046D00ED3203 /* MoviesApp.swift */ = {isa = PBXFileReference; lastKnownFileType = sourcecode.swift; path = MoviesApp.swift; sourceTree = "<group>"; };
		4EBEDB0D260D046D00ED3203 /* ContentView.swift */ = {isa = PBXFileReference; lastKnownFileType = sourcecode.swift; path = ContentView.swift; sourceTree = "<group>"; };
		4EBEDB0F260D046E00ED3203 /* Assets.xcassets */ = {isa = PBXFileReference; lastKnownFileType = folder.assetcatalog; path = Assets.xcassets; sourceTree = "<group>"; };
		4EBEDB12260D046E00ED3203 /* Preview Assets.xcassets */ = {isa = PBXFileReference; lastKnownFileType = folder.assetcatalog; path = "Preview Assets.xcassets"; sourceTree = "<group>"; };
		4EBEDB14260D046E00ED3203 /* Info.plist */ = {isa = PBXFileReference; lastKnownFileType = text.plist.xml; path = Info.plist; sourceTree = "<group>"; };
		4EBEDB19260D046E00ED3203 /* MoviesTests.xctest */ = {isa = PBXFileReference; explicitFileType = wrapper.cfbundle; includeInIndex = 0; path = MoviesTests.xctest; sourceTree = BUILT_PRODUCTS_DIR; };
		4EBEDB1D260D046E00ED3203 /* MoviesTests.swift */ = {isa = PBXFileReference; lastKnownFileType = sourcecode.swift; path = MoviesTests.swift; sourceTree = "<group>"; };
		4EBEDB1F260D046E00ED3203 /* Info.plist */ = {isa = PBXFileReference; lastKnownFileType = text.plist.xml; path = Info.plist; sourceTree = "<group>"; };
		4EBEDB24260D046E00ED3203 /* MoviesUITests.xctest */ = {isa = PBXFileReference; explicitFileType = wrapper.cfbundle; includeInIndex = 0; path = MoviesUITests.xctest; sourceTree = BUILT_PRODUCTS_DIR; };
		4EBEDB28260D046E00ED3203 /* MoviesUITests.swift */ = {isa = PBXFileReference; lastKnownFileType = sourcecode.swift; path = MoviesUITests.swift; sourceTree = "<group>"; };
		4EBEDB2A260D046E00ED3203 /* Info.plist */ = {isa = PBXFileReference; lastKnownFileType = text.plist.xml; path = Info.plist; sourceTree = "<group>"; };
		4EBEDB3B260D05C000ED3203 /* _MovieDB.csv */ = {isa = PBXFileReference; fileEncoding = 4; lastKnownFileType = text; path = _MovieDB.csv; sourceTree = "<group>"; };
		4EBEDB43260D062400ED3203 /* HorizontalMoviesView.swift */ = {isa = PBXFileReference; lastKnownFileType = sourcecode.swift; path = HorizontalMoviesView.swift; sourceTree = "<group>"; };
/* End PBXFileReference section */

/* Begin PBXFrameworksBuildPhase section */
		4EBEDB05260D046D00ED3203 /* Frameworks */ = {
			isa = PBXFrameworksBuildPhase;
			buildActionMask = 2147483647;
			files = (
			);
			runOnlyForDeploymentPostprocessing = 0;
		};
		4EBEDB16260D046E00ED3203 /* Frameworks */ = {
			isa = PBXFrameworksBuildPhase;
			buildActionMask = 2147483647;
			files = (
			);
			runOnlyForDeploymentPostprocessing = 0;
		};
		4EBEDB21260D046E00ED3203 /* Frameworks */ = {
			isa = PBXFrameworksBuildPhase;
			buildActionMask = 2147483647;
			files = (
			);
			runOnlyForDeploymentPostprocessing = 0;
		};
/* End PBXFrameworksBuildPhase section */

/* Begin PBXGroup section */
		4E2DABCB260D0C9600FC85FF /* Model */ = {
			isa = PBXGroup;
			children = (
				4E2DABCC260D0CE000FC85FF /* Movie.swift */,
				4E2DABD4260D0ED200FC85FF /* ModelData.swift */,
			);
			path = Model;
			sourceTree = "<group>";
		};
		4EBEDAFF260D046D00ED3203 = {
			isa = PBXGroup;
			children = (
				4EBEDB0A260D046D00ED3203 /* Movies */,
				4EBEDB1C260D046E00ED3203 /* MoviesTests */,
				4EBEDB27260D046E00ED3203 /* MoviesUITests */,
				4EBEDB09260D046D00ED3203 /* Products */,
			);
			sourceTree = "<group>";
		};
		4EBEDB09260D046D00ED3203 /* Products */ = {
			isa = PBXGroup;
			children = (
				4EBEDB08260D046D00ED3203 /* Movies.app */,
				4EBEDB19260D046E00ED3203 /* MoviesTests.xctest */,
				4EBEDB24260D046E00ED3203 /* MoviesUITests.xctest */,
			);
			name = Products;
			sourceTree = "<group>";
		};
		4EBEDB0A260D046D00ED3203 /* Movies */ = {
			isa = PBXGroup;
			children = (
				4EBEDB0B260D046D00ED3203 /* MoviesApp.swift */,
				4EBEDB39260D059900ED3203 /* Views */,
				4E2DABCB260D0C9600FC85FF /* Model */,
				4EBEDB3A260D05A900ED3203 /* Resourcers */,
				4EBEDB0F260D046E00ED3203 /* Assets.xcassets */,
				4EBEDB14260D046E00ED3203 /* Info.plist */,
				4EBEDB11260D046E00ED3203 /* Preview Content */,
			);
			path = Movies;
			sourceTree = "<group>";
		};
		4EBEDB11260D046E00ED3203 /* Preview Content */ = {
			isa = PBXGroup;
			children = (
				4EBEDB12260D046E00ED3203 /* Preview Assets.xcassets */,
			);
			path = "Preview Content";
			sourceTree = "<group>";
		};
		4EBEDB1C260D046E00ED3203 /* MoviesTests */ = {
			isa = PBXGroup;
			children = (
				4EBEDB1D260D046E00ED3203 /* MoviesTests.swift */,
				4EBEDB1F260D046E00ED3203 /* Info.plist */,
			);
			path = MoviesTests;
			sourceTree = "<group>";
		};
		4EBEDB27260D046E00ED3203 /* MoviesUITests */ = {
			isa = PBXGroup;
			children = (
				4EBEDB28260D046E00ED3203 /* MoviesUITests.swift */,
				4EBEDB2A260D046E00ED3203 /* Info.plist */,
			);
			path = MoviesUITests;
			sourceTree = "<group>";
		};
		4EBEDB39260D059900ED3203 /* Views */ = {
			isa = PBXGroup;
			children = (
				4EBEDB43260D062400ED3203 /* HorizontalMoviesView.swift */,
				4EBEDB0D260D046D00ED3203 /* ContentView.swift */,
				4E0F39E4260E621600F74BC8 /* VerticalMoviesView.swift */,
				4E0F39E9260E631000F74BC8 /* HeaderView.swift */,
				4E0F39EE260E650C00F74BC8 /* MovieDetailView.swift */,
			);
			path = Views;
			sourceTree = "<group>";
		};
		4EBEDB3A260D05A900ED3203 /* Resourcers */ = {
			isa = PBXGroup;
			children = (
				4E1EC36D260E6ECE00EEBCBC /* CataloglMovies.swift */,
				4EBEDB3B260D05C000ED3203 /* _MovieDB.csv */,
			);
			path = Resourcers;
			sourceTree = "<group>";
		};
/* End PBXGroup section */

/* Begin PBXNativeTarget section */
		4EBEDB07260D046D00ED3203 /* Movies */ = {
			isa = PBXNativeTarget;
			buildConfigurationList = 4EBEDB2D260D046E00ED3203 /* Build configuration list for PBXNativeTarget "Movies" */;
			buildPhases = (
				4EBEDB04260D046D00ED3203 /* Sources */,
				4EBEDB05260D046D00ED3203 /* Frameworks */,
				4EBEDB06260D046D00ED3203 /* Resources */,
			);
			buildRules = (
			);
			dependencies = (
			);
			name = Movies;
			productName = Movies;
			productReference = 4EBEDB08260D046D00ED3203 /* Movies.app */;
			productType = "com.apple.product-type.application";
		};
		4EBEDB18260D046E00ED3203 /* MoviesTests */ = {
			isa = PBXNativeTarget;
			buildConfigurationList = 4EBEDB30260D046E00ED3203 /* Build configuration list for PBXNativeTarget "MoviesTests" */;
			buildPhases = (
				4EBEDB15260D046E00ED3203 /* Sources */,
				4EBEDB16260D046E00ED3203 /* Frameworks */,
				4EBEDB17260D046E00ED3203 /* Resources */,
			);
			buildRules = (
			);
			dependencies = (
				4EBEDB1B260D046E00ED3203 /* PBXTargetDependency */,
			);
			name = MoviesTests;
			productName = MoviesTests;
			productReference = 4EBEDB19260D046E00ED3203 /* MoviesTests.xctest */;
			productType = "com.apple.product-type.bundle.unit-test";
		};
		4EBEDB23260D046E00ED3203 /* MoviesUITests */ = {
			isa = PBXNativeTarget;
			buildConfigurationList = 4EBEDB33260D046E00ED3203 /* Build configuration list for PBXNativeTarget "MoviesUITests" */;
			buildPhases = (
				4EBEDB20260D046E00ED3203 /* Sources */,
				4EBEDB21260D046E00ED3203 /* Frameworks */,
				4EBEDB22260D046E00ED3203 /* Resources */,
			);
			buildRules = (
			);
			dependencies = (
				4EBEDB26260D046E00ED3203 /* PBXTargetDependency */,
			);
			name = MoviesUITests;
			productName = MoviesUITests;
			productReference = 4EBEDB24260D046E00ED3203 /* MoviesUITests.xctest */;
			productType = "com.apple.product-type.bundle.ui-testing";
		};
/* End PBXNativeTarget section */

/* Begin PBXProject section */
		4EBEDB00260D046D00ED3203 /* Project object */ = {
			isa = PBXProject;
			attributes = {
				LastSwiftUpdateCheck = 1240;
				LastUpgradeCheck = 1240;
				TargetAttributes = {
					4EBEDB07260D046D00ED3203 = {
						CreatedOnToolsVersion = 12.4;
					};
					4EBEDB18260D046E00ED3203 = {
						CreatedOnToolsVersion = 12.4;
						TestTargetID = 4EBEDB07260D046D00ED3203;
					};
					4EBEDB23260D046E00ED3203 = {
						CreatedOnToolsVersion = 12.4;
						TestTargetID = 4EBEDB07260D046D00ED3203;
					};
				};
			};
			buildConfigurationList = 4EBEDB03260D046D00ED3203 /* Build configuration list for PBXProject "Movies" */;
			compatibilityVersion = "Xcode 9.3";
			developmentRegion = en;
			hasScannedForEncodings = 0;
			knownRegions = (
				en,
				Base,
			);
			mainGroup = 4EBEDAFF260D046D00ED3203;
			productRefGroup = 4EBEDB09260D046D00ED3203 /* Products */;
			projectDirPath = "";
			projectRoot = "";
			targets = (
				4EBEDB07260D046D00ED3203 /* Movies */,
				4EBEDB18260D046E00ED3203 /* MoviesTests */,
				4EBEDB23260D046E00ED3203 /* MoviesUITests */,
			);
		};
/* End PBXProject section */

/* Begin PBXResourcesBuildPhase section */
		4EBEDB06260D046D00ED3203 /* Resources */ = {
			isa = PBXResourcesBuildPhase;
			buildActionMask = 2147483647;
			files = (
				4EBEDB3D260D05C000ED3203 /* _MovieDB.csv in Resources */,
				4EBEDB13260D046E00ED3203 /* Preview Assets.xcassets in Resources */,
				4EBEDB10260D046E00ED3203 /* Assets.xcassets in Resources */,
			);
			runOnlyForDeploymentPostprocessing = 0;
		};
		4EBEDB17260D046E00ED3203 /* Resources */ = {
			isa = PBXResourcesBuildPhase;
			buildActionMask = 2147483647;
			files = (
			);
			runOnlyForDeploymentPostprocessing = 0;
		};
		4EBEDB22260D046E00ED3203 /* Resources */ = {
			isa = PBXResourcesBuildPhase;
			buildActionMask = 2147483647;
			files = (
			);
			runOnlyForDeploymentPostprocessing = 0;
		};
/* End PBXResourcesBuildPhase section */

/* Begin PBXSourcesBuildPhase section */
		4EBEDB04260D046D00ED3203 /* Sources */ = {
			isa = PBXSourcesBuildPhase;
			buildActionMask = 2147483647;
			files = (
				4EBEDB0E260D046D00ED3203 /* ContentView.swift in Sources */,
				4E1EC36E260E6ECE00EEBCBC /* CataloglMovies.swift in Sources */,
				4EBEDB44260D062400ED3203 /* HorizontalMoviesView.swift in Sources */,
				4E2DABD5260D0ED200FC85FF /* ModelData.swift in Sources */,
				4E2DABCD260D0CE000FC85FF /* Movie.swift in Sources */,
				4EBEDB0C260D046D00ED3203 /* MoviesApp.swift in Sources */,
				4E0F39E5260E621600F74BC8 /* VerticalMoviesView.swift in Sources */,
				4E0F39EF260E650C00F74BC8 /* MovieDetailView.swift in Sources */,
				4E0F39EA260E631000F74BC8 /* HeaderView.swift in Sources */,
			);
			runOnlyForDeploymentPostprocessing = 0;
		};
		4EBEDB15260D046E00ED3203 /* Sources */ = {
			isa = PBXSourcesBuildPhase;
			buildActionMask = 2147483647;
			files = (
				4EBEDB1E260D046E00ED3203 /* MoviesTests.swift in Sources */,
			);
			runOnlyForDeploymentPostprocessing = 0;
		};
		4EBEDB20260D046E00ED3203 /* Sources */ = {
			isa = PBXSourcesBuildPhase;
			buildActionMask = 2147483647;
			files = (
				4EBEDB29260D046E00ED3203 /* MoviesUITests.swift in Sources */,
			);
			runOnlyForDeploymentPostprocessing = 0;
		};
/* End PBXSourcesBuildPhase section */

/* Begin PBXTargetDependency section */
		4EBEDB1B260D046E00ED3203 /* PBXTargetDependency */ = {
			isa = PBXTargetDependency;
			target = 4EBEDB07260D046D00ED3203 /* Movies */;
			targetProxy = 4EBEDB1A260D046E00ED3203 /* PBXContainerItemProxy */;
		};
		4EBEDB26260D046E00ED3203 /* PBXTargetDependency */ = {
			isa = PBXTargetDependency;
			target = 4EBEDB07260D046D00ED3203 /* Movies */;
			targetProxy = 4EBEDB25260D046E00ED3203 /* PBXContainerItemProxy */;
		};
/* End PBXTargetDependency section */

/* Begin XCBuildConfiguration section */
		4EBEDB2B260D046E00ED3203 /* Debug */ = {
			isa = XCBuildConfiguration;
			buildSettings = {
				ALWAYS_SEARCH_USER_PATHS = NO;
				CLANG_ANALYZER_NONNULL = YES;
				CLANG_ANALYZER_NUMBER_OBJECT_CONVERSION = YES_AGGRESSIVE;
				CLANG_CXX_LANGUAGE_STANDARD = "gnu++14";
				CLANG_CXX_LIBRARY = "libc++";
				CLANG_ENABLE_MODULES = YES;
				CLANG_ENABLE_OBJC_ARC = YES;
				CLANG_ENABLE_OBJC_WEAK = YES;
				CLANG_WARN_BLOCK_CAPTURE_AUTORELEASING = YES;
				CLANG_WARN_BOOL_CONVERSION = YES;
				CLANG_WARN_COMMA = YES;
				CLANG_WARN_CONSTANT_CONVERSION = YES;
				CLANG_WARN_DEPRECATED_OBJC_IMPLEMENTATIONS = YES;
				CLANG_WARN_DIRECT_OBJC_ISA_USAGE = YES_ERROR;
				CLANG_WARN_DOCUMENTATION_COMMENTS = YES;
				CLANG_WARN_EMPTY_BODY = YES;
				CLANG_WARN_ENUM_CONVERSION = YES;
				CLANG_WARN_INFINITE_RECURSION = YES;
				CLANG_WARN_INT_CONVERSION = YES;
				CLANG_WARN_NON_LITERAL_NULL_CONVERSION = YES;
				CLANG_WARN_OBJC_IMPLICIT_RETAIN_SELF = YES;
				CLANG_WARN_OBJC_LITERAL_CONVERSION = YES;
				CLANG_WARN_OBJC_ROOT_CLASS = YES_ERROR;
				CLANG_WARN_QUOTED_INCLUDE_IN_FRAMEWORK_HEADER = YES;
				CLANG_WARN_RANGE_LOOP_ANALYSIS = YES;
				CLANG_WARN_STRICT_PROTOTYPES = YES;
				CLANG_WARN_SUSPICIOUS_MOVE = YES;
				CLANG_WARN_UNGUARDED_AVAILABILITY = YES_AGGRESSIVE;
				CLANG_WARN_UNREACHABLE_CODE = YES;
				CLANG_WARN__DUPLICATE_METHOD_MATCH = YES;
				COPY_PHASE_STRIP = NO;
				DEBUG_INFORMATION_FORMAT = dwarf;
				ENABLE_STRICT_OBJC_MSGSEND = YES;
				ENABLE_TESTABILITY = YES;
				GCC_C_LANGUAGE_STANDARD = gnu11;
				GCC_DYNAMIC_NO_PIC = NO;
				GCC_NO_COMMON_BLOCKS = YES;
				GCC_OPTIMIZATION_LEVEL = 0;
				GCC_PREPROCESSOR_DEFINITIONS = (
					"DEBUG=1",
					"$(inherited)",
				);
				GCC_WARN_64_TO_32_BIT_CONVERSION = YES;
				GCC_WARN_ABOUT_RETURN_TYPE = YES_ERROR;
				GCC_WARN_UNDECLARED_SELECTOR = YES;
				GCC_WARN_UNINITIALIZED_AUTOS = YES_AGGRESSIVE;
				GCC_WARN_UNUSED_FUNCTION = YES;
				GCC_WARN_UNUSED_VARIABLE = YES;
				IPHONEOS_DEPLOYMENT_TARGET = 14.4;
				MTL_ENABLE_DEBUG_INFO = INCLUDE_SOURCE;
				MTL_FAST_MATH = YES;
				ONLY_ACTIVE_ARCH = YES;
				SDKROOT = iphoneos;
				SWIFT_ACTIVE_COMPILATION_CONDITIONS = DEBUG;
				SWIFT_OPTIMIZATION_LEVEL = "-Onone";
			};
			name = Debug;
		};
		4EBEDB2C260D046E00ED3203 /* Release */ = {
			isa = XCBuildConfiguration;
			buildSettings = {
				ALWAYS_SEARCH_USER_PATHS = NO;
				CLANG_ANALYZER_NONNULL = YES;
				CLANG_ANALYZER_NUMBER_OBJECT_CONVERSION = YES_AGGRESSIVE;
				CLANG_CXX_LANGUAGE_STANDARD = "gnu++14";
				CLANG_CXX_LIBRARY = "libc++";
				CLANG_ENABLE_MODULES = YES;
				CLANG_ENABLE_OBJC_ARC = YES;
				CLANG_ENABLE_OBJC_WEAK = YES;
				CLANG_WARN_BLOCK_CAPTURE_AUTORELEASING = YES;
				CLANG_WARN_BOOL_CONVERSION = YES;
				CLANG_WARN_COMMA = YES;
				CLANG_WARN_CONSTANT_CONVERSION = YES;
				CLANG_WARN_DEPRECATED_OBJC_IMPLEMENTATIONS = YES;
				CLANG_WARN_DIRECT_OBJC_ISA_USAGE = YES_ERROR;
				CLANG_WARN_DOCUMENTATION_COMMENTS = YES;
				CLANG_WARN_EMPTY_BODY = YES;
				CLANG_WARN_ENUM_CONVERSION = YES;
				CLANG_WARN_INFINITE_RECURSION = YES;
				CLANG_WARN_INT_CONVERSION = YES;
				CLANG_WARN_NON_LITERAL_NULL_CONVERSION = YES;
				CLANG_WARN_OBJC_IMPLICIT_RETAIN_SELF = YES;
				CLANG_WARN_OBJC_LITERAL_CONVERSION = YES;
				CLANG_WARN_OBJC_ROOT_CLASS = YES_ERROR;
				CLANG_WARN_QUOTED_INCLUDE_IN_FRAMEWORK_HEADER = YES;
				CLANG_WARN_RANGE_LOOP_ANALYSIS = YES;
				CLANG_WARN_STRICT_PROTOTYPES = YES;
				CLANG_WARN_SUSPICIOUS_MOVE = YES;
				CLANG_WARN_UNGUARDED_AVAILABILITY = YES_AGGRESSIVE;
				CLANG_WARN_UNREACHABLE_CODE = YES;
				CLANG_WARN__DUPLICATE_METHOD_MATCH = YES;
				COPY_PHASE_STRIP = NO;
				DEBUG_INFORMATION_FORMAT = "dwarf-with-dsym";
				ENABLE_NS_ASSERTIONS = NO;
				ENABLE_STRICT_OBJC_MSGSEND = YES;
				GCC_C_LANGUAGE_STANDARD = gnu11;
				GCC_NO_COMMON_BLOCKS = YES;
				GCC_WARN_64_TO_32_BIT_CONVERSION = YES;
				GCC_WARN_ABOUT_RETURN_TYPE = YES_ERROR;
				GCC_WARN_UNDECLARED_SELECTOR = YES;
				GCC_WARN_UNINITIALIZED_AUTOS = YES_AGGRESSIVE;
				GCC_WARN_UNUSED_FUNCTION = YES;
				GCC_WARN_UNUSED_VARIABLE = YES;
				IPHONEOS_DEPLOYMENT_TARGET = 14.4;
				MTL_ENABLE_DEBUG_INFO = NO;
				MTL_FAST_MATH = YES;
				SDKROOT = iphoneos;
				SWIFT_COMPILATION_MODE = wholemodule;
				SWIFT_OPTIMIZATION_LEVEL = "-O";
				VALIDATE_PRODUCT = YES;
			};
			name = Release;
		};
		4EBEDB2E260D046E00ED3203 /* Debug */ = {
			isa = XCBuildConfiguration;
			buildSettings = {
				ASSETCATALOG_COMPILER_APPICON_NAME = AppIcon;
				ASSETCATALOG_COMPILER_GLOBAL_ACCENT_COLOR_NAME = AccentColor;
				CODE_SIGN_STYLE = Automatic;
				DEVELOPMENT_ASSET_PATHS = "\"Movies/Preview Content\"";
				DEVELOPMENT_TEAM = 478594C4R9;
				ENABLE_PREVIEWS = YES;
				INFOPLIST_FILE = Movies/Info.plist;
				IPHONEOS_DEPLOYMENT_TARGET = 14.0;
				LD_RUNPATH_SEARCH_PATHS = (
					"$(inherited)",
					"@executable_path/Frameworks",
				);
				PRODUCT_BUNDLE_IDENTIFIER = com.terminal.Movies;
				PRODUCT_NAME = "$(TARGET_NAME)";
				SWIFT_VERSION = 5.0;
				TARGETED_DEVICE_FAMILY = "1,2";
			};
			name = Debug;
		};
		4EBEDB2F260D046E00ED3203 /* Release */ = {
			isa = XCBuildConfiguration;
			buildSettings = {
				ASSETCATALOG_COMPILER_APPICON_NAME = AppIcon;
				ASSETCATALOG_COMPILER_GLOBAL_ACCENT_COLOR_NAME = AccentColor;
				CODE_SIGN_STYLE = Automatic;
				DEVELOPMENT_ASSET_PATHS = "\"Movies/Preview Content\"";
				DEVELOPMENT_TEAM = 478594C4R9;
				ENABLE_PREVIEWS = YES;
				INFOPLIST_FILE = Movies/Info.plist;
				IPHONEOS_DEPLOYMENT_TARGET = 14.0;
				LD_RUNPATH_SEARCH_PATHS = (
					"$(inherited)",
					"@executable_path/Frameworks",
				);
				PRODUCT_BUNDLE_IDENTIFIER = com.terminal.Movies;
				PRODUCT_NAME = "$(TARGET_NAME)";
				SWIFT_VERSION = 5.0;
				TARGETED_DEVICE_FAMILY = "1,2";
			};
			name = Release;
		};
		4EBEDB31260D046E00ED3203 /* Debug */ = {
			isa = XCBuildConfiguration;
			buildSettings = {
				ALWAYS_EMBED_SWIFT_STANDARD_LIBRARIES = YES;
				BUNDLE_LOADER = "$(TEST_HOST)";
				CODE_SIGN_STYLE = Automatic;
				DEVELOPMENT_TEAM = 478594C4R9;
				INFOPLIST_FILE = MoviesTests/Info.plist;
				IPHONEOS_DEPLOYMENT_TARGET = 14.0;
				LD_RUNPATH_SEARCH_PATHS = (
					"$(inherited)",
					"@executable_path/Frameworks",
					"@loader_path/Frameworks",
				);
				PRODUCT_BUNDLE_IDENTIFIER = com.terminal.MoviesTests;
				PRODUCT_NAME = "$(TARGET_NAME)";
				SWIFT_VERSION = 5.0;
				TARGETED_DEVICE_FAMILY = "1,2";
				TEST_HOST = "$(BUILT_PRODUCTS_DIR)/Movies.app/Movies";
			};
			name = Debug;
		};
		4EBEDB32260D046E00ED3203 /* Release */ = {
			isa = XCBuildConfiguration;
			buildSettings = {
				ALWAYS_EMBED_SWIFT_STANDARD_LIBRARIES = YES;
				BUNDLE_LOADER = "$(TEST_HOST)";
				CODE_SIGN_STYLE = Automatic;
				DEVELOPMENT_TEAM = 478594C4R9;
				INFOPLIST_FILE = MoviesTests/Info.plist;
				IPHONEOS_DEPLOYMENT_TARGET = 14.0;
				LD_RUNPATH_SEARCH_PATHS = (
					"$(inherited)",
					"@executable_path/Frameworks",
					"@loader_path/Frameworks",
				);
				PRODUCT_BUNDLE_IDENTIFIER = com.terminal.MoviesTests;
				PRODUCT_NAME = "$(TARGET_NAME)";
				SWIFT_VERSION = 5.0;
				TARGETED_DEVICE_FAMILY = "1,2";
				TEST_HOST = "$(BUILT_PRODUCTS_DIR)/Movies.app/Movies";
			};
			name = Release;
		};
		4EBEDB34260D046E00ED3203 /* Debug */ = {
			isa = XCBuildConfiguration;
			buildSettings = {
				ALWAYS_EMBED_SWIFT_STANDARD_LIBRARIES = YES;
				CODE_SIGN_STYLE = Automatic;
				DEVELOPMENT_TEAM = 478594C4R9;
				INFOPLIST_FILE = MoviesUITests/Info.plist;
				LD_RUNPATH_SEARCH_PATHS = (
					"$(inherited)",
					"@executable_path/Frameworks",
					"@loader_path/Frameworks",
				);
				PRODUCT_BUNDLE_IDENTIFIER = com.terminal.MoviesUITests;
				PRODUCT_NAME = "$(TARGET_NAME)";
				SWIFT_VERSION = 5.0;
				TARGETED_DEVICE_FAMILY = "1,2";
				TEST_TARGET_NAME = Movies;
			};
			name = Debug;
		};
		4EBEDB35260D046E00ED3203 /* Release */ = {
			isa = XCBuildConfiguration;
			buildSettings = {
				ALWAYS_EMBED_SWIFT_STANDARD_LIBRARIES = YES;
				CODE_SIGN_STYLE = Automatic;
				DEVELOPMENT_TEAM = 478594C4R9;
				INFOPLIST_FILE = MoviesUITests/Info.plist;
				LD_RUNPATH_SEARCH_PATHS = (
					"$(inherited)",
					"@executable_path/Frameworks",
					"@loader_path/Frameworks",
				);
				PRODUCT_BUNDLE_IDENTIFIER = com.terminal.MoviesUITests;
				PRODUCT_NAME = "$(TARGET_NAME)";
				SWIFT_VERSION = 5.0;
				TARGETED_DEVICE_FAMILY = "1,2";
				TEST_TARGET_NAME = Movies;
			};
			name = Release;
		};
/* End XCBuildConfiguration section */

/* Begin XCConfigurationList section */
		4EBEDB03260D046D00ED3203 /* Build configuration list for PBXProject "Movies" */ = {
			isa = XCConfigurationList;
			buildConfigurations = (
				4EBEDB2B260D046E00ED3203 /* Debug */,
				4EBEDB2C260D046E00ED3203 /* Release */,
			);
			defaultConfigurationIsVisible = 0;
			defaultConfigurationName = Release;
		};
		4EBEDB2D260D046E00ED3203 /* Build configuration list for PBXNativeTarget "Movies" */ = {
			isa = XCConfigurationList;
			buildConfigurations = (
				4EBEDB2E260D046E00ED3203 /* Debug */,
				4EBEDB2F260D046E00ED3203 /* Release */,
			);
			defaultConfigurationIsVisible = 0;
			defaultConfigurationName = Release;
		};
		4EBEDB30260D046E00ED3203 /* Build configuration list for PBXNativeTarget "MoviesTests" */ = {
			isa = XCConfigurationList;
			buildConfigurations = (
				4EBEDB31260D046E00ED3203 /* Debug */,
				4EBEDB32260D046E00ED3203 /* Release */,
			);
			defaultConfigurationIsVisible = 0;
			defaultConfigurationName = Release;
		};
		4EBEDB33260D046E00ED3203 /* Build configuration list for PBXNativeTarget "MoviesUITests" */ = {
			isa = XCConfigurationList;
			buildConfigurations = (
				4EBEDB34260D046E00ED3203 /* Debug */,
				4EBEDB35260D046E00ED3203 /* Release */,
			);
			defaultConfigurationIsVisible = 0;
			defaultConfigurationName = Release;
		};
/* End XCConfigurationList section */
	};
	rootObject = 4EBEDB00260D046D00ED3203 /* Project object */;
}
